
Microsoft Visual Studio Solution File, Format Version 12.00
# Visual Studio Version 17
VisualStudioVersion = 17.0.31903.59
MinimumVisualStudioVersion = 10.0.40219.1
Project("{FAE04EC0-301F-11D3-BF4B-00C04F79EFBC}") = "Initial WebAPI", "Initial WebAPI\Initial WebAPI.csproj", "{E2DD8AD6-BA4E-4225-8E10-516526A7F13D}"
EndProject
Project("{FAE04EC0-301F-11D3-BF4B-00C04F79EFBC}") = "InitialMVC", "InitialMVC\InitialMVC.csproj", "{91FCDB2D-9C24-4BC4-8067-09C98EAE5B51}"
EndProject
Project("{2150E333-8FDC-42A3-9474-1A3956D46DE8}") = "Initial Example", "Initial Example", "{A5AAF9FA-FFDE-4E47-AFA1-B937CC34B235}"
EndProject
Project("{2150E333-8FDC-42A3-9474-1A3956D46DE8}") = "WorkingWithEFCore", "WorkingWithEFCore", "{603828BB-AD7E-491C-889A-72646704351A}"
EndProject
Project("{FAE04EC0-301F-11D3-BF4B-00C04F79EFBC}") = "EFCoreTutorial", "WorkingWithEFCore\EFCoreTutorial\EFCoreTutorial.csproj", "{A2850485-FB15-43C0-899F-12663D421A09}"
EndProject
Project("{FAE04EC0-301F-11D3-BF4B-00C04F79EFBC}") = "MySqliteTutorial", "WorkingWithEFCore\MySqliteTutorial\MySqliteTutorial.csproj", "{6BDD11F5-F981-4240-BB2D-2FBA6622DC4A}"
EndProject
Project("{FAE04EC0-301F-11D3-BF4B-00C04F79EFBC}") = "CodeFirstDatabase", "WorkingWithEFCore\CodeFirstDatabase\CodeFirstDatabase.csproj", "{5F27AA44-28EE-43A8-9DF9-5C98F68D8CD0}"
EndProject
Project("{2150E333-8FDC-42A3-9474-1A3956D46DE8}") = "Logger", "Logger", "{BFC1528F-5AA9-4AA9-AB29-51E1EED33D7C}"
EndProject
Project("{FAE04EC0-301F-11D3-BF4B-00C04F79EFBC}") = "GameController", "Day25\GameController\GameController.csproj", "{A7988258-0062-4AEF-9795-DA7C6F8D561D}"
EndProject
Project("{2150E333-8FDC-42A3-9474-1A3956D46DE8}") = "Unit Testing", "Unit Testing", "{72EAF72B-ED3C-4A49-BE77-5D47C4517C33}"
EndProject
Project("{FAE04EC0-301F-11D3-BF4B-00C04F79EFBC}") = "MyGame", "Day26\MyGame\MyGame.csproj", "{912DCAE9-5318-4F3F-8CCE-40F60BED5D48}"
EndProject
Project("{FAE04EC0-301F-11D3-BF4B-00C04F79EFBC}") = "MyGame.Test", "Day26\MyGame.Test\MyGame.Test.csproj", "{5424145E-5D61-48E1-B3CE-ADDED4542E70}"
EndProject
Project("{FAE04EC0-301F-11D3-BF4B-00C04F79EFBC}") = "MoqTest", "Day26\MoqTest\MoqTest.csproj", "{C7DF8F5A-8F3D-4BF8-9BB7-5B32CE0BD900}"
EndProject
Project("{FAE04EC0-301F-11D3-BF4B-00C04F79EFBC}") = "MoqTest2", "Day26\MoqTest2\MoqTest2.csproj", "{DA0693E7-2F7C-459D-B6D5-B51B48C4D7AF}"
EndProject
Project("{FAE04EC0-301F-11D3-BF4B-00C04F79EFBC}") = "Benchmarker", "Benchmarker\Benchmarker.csproj", "{0BA79D43-23C8-4BED-A330-BC29C99FBC20}"
EndProject
Project("{2150E333-8FDC-42A3-9474-1A3956D46DE8}") = "Benchmarker Tutorial", "Benchmarker Tutorial", "{697D50A7-426A-4409-AC1B-EFC45480300E}"
EndProject
Global
	GlobalSection(SolutionConfigurationPlatforms) = preSolution
		Debug|Any CPU = Debug|Any CPU
		Release|Any CPU = Release|Any CPU
	EndGlobalSection
	GlobalSection(SolutionProperties) = preSolution
		HideSolutionNode = FALSE
	EndGlobalSection
	GlobalSection(ProjectConfigurationPlatforms) = postSolution
		{E2DD8AD6-BA4E-4225-8E10-516526A7F13D}.Debug|Any CPU.ActiveCfg = Debug|Any CPU
		{E2DD8AD6-BA4E-4225-8E10-516526A7F13D}.Debug|Any CPU.Build.0 = Debug|Any CPU
		{E2DD8AD6-BA4E-4225-8E10-516526A7F13D}.Release|Any CPU.ActiveCfg = Release|Any CPU
		{E2DD8AD6-BA4E-4225-8E10-516526A7F13D}.Release|Any CPU.Build.0 = Release|Any CPU
		{91FCDB2D-9C24-4BC4-8067-09C98EAE5B51}.Debug|Any CPU.ActiveCfg = Debug|Any CPU
		{91FCDB2D-9C24-4BC4-8067-09C98EAE5B51}.Debug|Any CPU.Build.0 = Debug|Any CPU
		{91FCDB2D-9C24-4BC4-8067-09C98EAE5B51}.Release|Any CPU.ActiveCfg = Release|Any CPU
		{91FCDB2D-9C24-4BC4-8067-09C98EAE5B51}.Release|Any CPU.Build.0 = Release|Any CPU
		{A2850485-FB15-43C0-899F-12663D421A09}.Debug|Any CPU.ActiveCfg = Debug|Any CPU
		{A2850485-FB15-43C0-899F-12663D421A09}.Debug|Any CPU.Build.0 = Debug|Any CPU
		{A2850485-FB15-43C0-899F-12663D421A09}.Release|Any CPU.ActiveCfg = Release|Any CPU
		{A2850485-FB15-43C0-899F-12663D421A09}.Release|Any CPU.Build.0 = Release|Any CPU
		{6BDD11F5-F981-4240-BB2D-2FBA6622DC4A}.Debug|Any CPU.ActiveCfg = Debug|Any CPU
		{6BDD11F5-F981-4240-BB2D-2FBA6622DC4A}.Debug|Any CPU.Build.0 = Debug|Any CPU
		{6BDD11F5-F981-4240-BB2D-2FBA6622DC4A}.Release|Any CPU.ActiveCfg = Release|Any CPU
		{6BDD11F5-F981-4240-BB2D-2FBA6622DC4A}.Release|Any CPU.Build.0 = Release|Any CPU
		{5F27AA44-28EE-43A8-9DF9-5C98F68D8CD0}.Debug|Any CPU.ActiveCfg = Debug|Any CPU
		{5F27AA44-28EE-43A8-9DF9-5C98F68D8CD0}.Debug|Any CPU.Build.0 = Debug|Any CPU
		{5F27AA44-28EE-43A8-9DF9-5C98F68D8CD0}.Release|Any CPU.ActiveCfg = Release|Any CPU
		{5F27AA44-28EE-43A8-9DF9-5C98F68D8CD0}.Release|Any CPU.Build.0 = Release|Any CPU
		{A7988258-0062-4AEF-9795-DA7C6F8D561D}.Debug|Any CPU.ActiveCfg = Debug|Any CPU
		{A7988258-0062-4AEF-9795-DA7C6F8D561D}.Debug|Any CPU.Build.0 = Debug|Any CPU
		{A7988258-0062-4AEF-9795-DA7C6F8D561D}.Release|Any CPU.ActiveCfg = Release|Any CPU
		{A7988258-0062-4AEF-9795-DA7C6F8D561D}.Release|Any CPU.Build.0 = Release|Any CPU
		{912DCAE9-5318-4F3F-8CCE-40F60BED5D48}.Debug|Any CPU.ActiveCfg = Debug|Any CPU
		{912DCAE9-5318-4F3F-8CCE-40F60BED5D48}.Debug|Any CPU.Build.0 = Debug|Any CPU
		{912DCAE9-5318-4F3F-8CCE-40F60BED5D48}.Release|Any CPU.ActiveCfg = Release|Any CPU
		{912DCAE9-5318-4F3F-8CCE-40F60BED5D48}.Release|Any CPU.Build.0 = Release|Any CPU
		{5424145E-5D61-48E1-B3CE-ADDED4542E70}.Debug|Any CPU.ActiveCfg = Debug|Any CPU
		{5424145E-5D61-48E1-B3CE-ADDED4542E70}.Debug|Any CPU.Build.0 = Debug|Any CPU
		{5424145E-5D61-48E1-B3CE-ADDED4542E70}.Release|Any CPU.ActiveCfg = Release|Any CPU
		{5424145E-5D61-48E1-B3CE-ADDED4542E70}.Release|Any CPU.Build.0 = Release|Any CPU
		{C7DF8F5A-8F3D-4BF8-9BB7-5B32CE0BD900}.Debug|Any CPU.ActiveCfg = Debug|Any CPU
		{C7DF8F5A-8F3D-4BF8-9BB7-5B32CE0BD900}.Debug|Any CPU.Build.0 = Debug|Any CPU
		{C7DF8F5A-8F3D-4BF8-9BB7-5B32CE0BD900}.Release|Any CPU.ActiveCfg = Release|Any CPU
		{C7DF8F5A-8F3D-4BF8-9BB7-5B32CE0BD900}.Release|Any CPU.Build.0 = Release|Any CPU
		{DA0693E7-2F7C-459D-B6D5-B51B48C4D7AF}.Debug|Any CPU.ActiveCfg = Debug|Any CPU
		{DA0693E7-2F7C-459D-B6D5-B51B48C4D7AF}.Debug|Any CPU.Build.0 = Debug|Any CPU
		{DA0693E7-2F7C-459D-B6D5-B51B48C4D7AF}.Release|Any CPU.ActiveCfg = Release|Any CPU
		{DA0693E7-2F7C-459D-B6D5-B51B48C4D7AF}.Release|Any CPU.Build.0 = Release|Any CPU
		{0BA79D43-23C8-4BED-A330-BC29C99FBC20}.Debug|Any CPU.ActiveCfg = Debug|Any CPU
		{0BA79D43-23C8-4BED-A330-BC29C99FBC20}.Debug|Any CPU.Build.0 = Debug|Any CPU
		{0BA79D43-23C8-4BED-A330-BC29C99FBC20}.Release|Any CPU.ActiveCfg = Release|Any CPU
		{0BA79D43-23C8-4BED-A330-BC29C99FBC20}.Release|Any CPU.Build.0 = Release|Any CPU
	EndGlobalSection
	GlobalSection(NestedProjects) = preSolution
		{0BA79D43-23C8-4BED-A330-BC29C99FBC20} = {697D50A7-426A-4409-AC1B-EFC45480300E}
		{91FCDB2D-9C24-4BC4-8067-09C98EAE5B51} = {A5AAF9FA-FFDE-4E47-AFA1-B937CC34B235}
		{E2DD8AD6-BA4E-4225-8E10-516526A7F13D} = {A5AAF9FA-FFDE-4E47-AFA1-B937CC34B235}
		{A2850485-FB15-43C0-899F-12663D421A09} = {603828BB-AD7E-491C-889A-72646704351A}
		{6BDD11F5-F981-4240-BB2D-2FBA6622DC4A} = {603828BB-AD7E-491C-889A-72646704351A}
		{5F27AA44-28EE-43A8-9DF9-5C98F68D8CD0} = {603828BB-AD7E-491C-889A-72646704351A}
		{A7988258-0062-4AEF-9795-DA7C6F8D561D} = {BFC1528F-5AA9-4AA9-AB29-51E1EED33D7C}
		{912DCAE9-5318-4F3F-8CCE-40F60BED5D48} = {72EAF72B-ED3C-4A49-BE77-5D47C4517C33}
		{5424145E-5D61-48E1-B3CE-ADDED4542E70} = {72EAF72B-ED3C-4A49-BE77-5D47C4517C33}
		{C7DF8F5A-8F3D-4BF8-9BB7-5B32CE0BD900} = {72EAF72B-ED3C-4A49-BE77-5D47C4517C33}
		{DA0693E7-2F7C-459D-B6D5-B51B48C4D7AF} = {72EAF72B-ED3C-4A49-BE77-5D47C4517C33}
	EndGlobalSection
EndGlobal
