
Microsoft Visual Studio Solution File, Format Version 12.00
# Visual Studio Version 17
VisualStudioVersion = 17.5.002.0
MinimumVisualStudioVersion = 10.0.40219.1
Project("{9A19103F-16F7-4668-BE54-9A1E7A4F7556}") = "EFCore", "EFCore.csproj", "{A48FC248-D4D8-42EF-B97B-0CC23FF03CED}"
EndProject
Global
	GlobalSection(SolutionConfigurationPlatforms) = preSolution
		Debug|Any CPU = Debug|Any CPU
		Release|Any CPU = Release|Any CPU
	EndGlobalSection
	GlobalSection(ProjectConfigurationPlatforms) = postSolution
		{A48FC248-D4D8-42EF-B97B-0CC23FF03CED}.Debug|Any CPU.ActiveCfg = Debug|Any CPU
		{A48FC248-D4D8-42EF-B97B-0CC23FF03CED}.Debug|Any CPU.Build.0 = Debug|Any CPU
		{A48FC248-D4D8-42EF-B97B-0CC23FF03CED}.Release|Any CPU.ActiveCfg = Release|Any CPU
		{A48FC248-D4D8-42EF-B97B-0CC23FF03CED}.Release|Any CPU.Build.0 = Release|Any CPU
	EndGlobalSection
	GlobalSection(SolutionProperties) = preSolution
		HideSolutionNode = FALSE
	EndGlobalSection
	GlobalSection(ExtensibilityGlobals) = postSolution
		SolutionGuid = {4862D100-0489-49FE-A1CF-A3EF2F975CA8}
	EndGlobalSection
EndGlobal
